# THIS IS AN AUTOGENERATED FILE. DO NOT EDIT THIS FILE DIRECTLY.
# yarn lockfile v1


"@tauri-apps/api@^1.0.2":
  version "1.0.2"
  resolved "https://registry.yarnpkg.com/@tauri-apps/api/-/api-1.0.2.tgz#5228720e35d50fd08df87067dc29e7306c1f7a10"
  integrity sha512-yuNW0oeJ1/ZA7wNF1KgxhHrSu5viPVzY/UgUczzN5ptLM8dH15Juy5rEGkoHfeXGju90Y/l22hi3BtIrp/za+w==

"@tauri-apps/cli-darwin-arm64@1.0.4":
  version "1.0.4"
  resolved "https://registry.yarnpkg.com/@tauri-apps/cli-darwin-arm64/-/cli-darwin-arm64-1.0.4.tgz#fd63fad851c8c899233618af0a9dc2d1a29a8c41"
  integrity sha512-hMVTPoinjKYV8fgviQ871ZnVipAVXJV3ZwfiK9FcE9/dkUCUtKtetfwnicRV6YDSFbWY9qAg+Sm0INrLT5Ky+A==

"@tauri-apps/cli-darwin-x64@1.0.4":
  version "1.0.4"
  resolved "https://registry.yarnpkg.com/@tauri-apps/cli-darwin-x64/-/cli-darwin-x64-1.0.4.tgz#52e7a4151a26e9333375a82a0cb15614f01cf3e0"
  integrity sha512-6bR8WIqJdcutLLcmv4S+bkCRbLAwjl80zPL97vs7Zgum01aeygjUTaZS46fpeDgqF8nR8piFAZkz8Bnco6fbzw==

"@tauri-apps/cli-linux-arm-gnueabihf@1.0.4":
  version "1.0.4"
  resolved "https://registry.yarnpkg.com/@tauri-apps/cli-linux-arm-gnueabihf/-/cli-linux-arm-gnueabihf-1.0.4.tgz#8889ce864dba0763290fa3f05af99f8cd2f574bf"
  integrity sha512-NNhz8Nh/CQvAPzR5bj1sC2CgpkUOjZg8Eg1i/Ta/pbrjgT0E/reD+12TGdkNuQNEOUQ1klWcdeHfAptWPicRgQ==

"@tauri-apps/cli-linux-arm64-gnu@1.0.4":
  version "1.0.4"
  resolved "https://registry.yarnpkg.com/@tauri-apps/cli-linux-arm64-gnu/-/cli-linux-arm64-gnu-1.0.4.tgz#27ae14f15d5fef76dcb70b4d7dac7bbb9e13ea81"
  integrity sha512-chzpMgkZyu0MWF75DDiEV06XyI8LM7q0NMxRx7esJwZpypj4AG0Pj4+9Di38zYWZrfYqz/bWrCMPIV30vty1Gg==

"@tauri-apps/cli-linux-arm64-musl@1.0.4":
  version "1.0.4"
  resolved "https://registry.yarnpkg.com/@tauri-apps/cli-linux-arm64-musl/-/cli-linux-arm64-musl-1.0.4.tgz#118a44226c3e0c324b9c842718548b22fcfbd3d2"
  integrity sha512-w+wbNoIOdHoV65Q/z29EK4KtFiNXfV+2lIsML/Hw0VEJEzl9FsqGelu1zAycq8hkoQhf0yPlD/m4FfAWnFzg6Q==

"@tauri-apps/cli-linux-x64-gnu@1.0.4":
  version "1.0.4"
  resolved "https://registry.yarnpkg.com/@tauri-apps/cli-linux-x64-gnu/-/cli-linux-x64-gnu-1.0.4.tgz#1724345de55a597a7fbd363f3af33ebf4eaaad4d"
  integrity sha512-TiVRk+VBYA2mE4DqwLu/WD6wTHewHVbdMUtfeXdwe/kabLqbJTWuswUv5T8JUp3mYFZKqlPhyi+qWSJOc0Ianw==

"@tauri-apps/cli-linux-x64-musl@1.0.4":
  version "1.0.4"
  resolved "https://registry.yarnpkg.com/@tauri-apps/cli-linux-x64-musl/-/cli-linux-x64-musl-1.0.4.tgz#b36904c42be4bdab21cefdd052c8c85f9913f6be"
  integrity sha512-TKdncZ6aFu9PfHakrrqg3XIoxgl510rN0tOTJuZ1WQT2nDD5zlP3Mo++FNIt6/TfjqayLcubIZp3dG9pU383dA==

"@tauri-apps/cli-win32-ia32-msvc@1.0.4":
  version "1.0.4"
  resolved "https://registry.yarnpkg.com/@tauri-apps/cli-win32-ia32-msvc/-/cli-win32-ia32-msvc-1.0.4.tgz#6db7d26050f15fca0ad067119001e566085990f5"
  integrity sha512-KedA4LB/PsePE3BLm2gg/IIA4rLjbyBUzV2FTdpWqx8ws3OzL6BLDGRVJ+zXe/b9SddhhZk7Rqss6y+gtsWKsA==

"@tauri-apps/cli-win32-x64-msvc@1.0.4":
  version "1.0.4"
  resolved "https://registry.yarnpkg.com/@tauri-apps/cli-win32-x64-msvc/-/cli-win32-x64-msvc-1.0.4.tgz#bf14bb0cfa2c0e74a981c6424dc36f68dbfd4b5c"
  integrity sha512-6m1Ie7+YeKdOY7aXZCw/Py30DeMEAukE2+WWuZgfxZTTG9QrnZO+DbaKtjuEG0A8HKHCz63+ZNxOTshS1ognEw==

"@tauri-apps/cli@^1.0.4":
  version "1.0.4"
  resolved "https://registry.yarnpkg.com/@tauri-apps/cli/-/cli-1.0.4.tgz#4a943d10ff022ae6ad9fb33e94cc5c25509bcfb9"
  integrity sha512-AqfbQUFU2jDYmkjiowl+Yv1yNkey/e+N23sKyDtXQQNvxE6ieR4voY4i6bShY97F+DbRVdjWcjGiLkWS3i4DHw==
  optionalDependencies:
    "@tauri-apps/cli-darwin-arm64" "1.0.4"
    "@tauri-apps/cli-darwin-x64" "1.0.4"
    "@tauri-apps/cli-linux-arm-gnueabihf" "1.0.4"
    "@tauri-apps/cli-linux-arm64-gnu" "1.0.4"
    "@tauri-apps/cli-linux-arm64-musl" "1.0.4"
    "@tauri-apps/cli-linux-x64-gnu" "1.0.4"
    "@tauri-apps/cli-linux-x64-musl" "1.0.4"
    "@tauri-apps/cli-win32-ia32-msvc" "1.0.4"
    "@tauri-apps/cli-win32-x64-msvc" "1.0.4"
