{
  "nodes": {
    "nixpkgs": {
      "locked": {
        "lastModified": 1683168220,
        "narHash": "sha256-+2gNbWwWeECbQ4WHjdWWUDErdNbyHQvn+C9G47tMwxQ=",
        "owner": "NixOS",
        "repo": "nixpkgs",
        "rev": "2395e4f1f733dc2a048a1b048f259763b2622ea2",
        "type": "github"
      },
      "original": {
        "id": "nixpkgs",
        "type": "indirect"
      }
    },
    "root": {
      "inputs": {
        "nixpkgs": "nixpkgs"
      }
    }
  },
  "root": "root",
  "version": 7
}
