{
  "nodes": {
    "fenix": {
      "inputs": {
        "nixpkgs": [
          "nixpkgs"
        ],
        "rust-analyzer-src": "rust-analyzer-src"
      },
      "locked": {
        "lastModified": 1664175311,
        "narHash": "sha256-70pWOhKXjWVmGdEZSLLSinKAKdGPHtZZYn4G1j325I4=",
        "owner": "nix-community",
        "repo": "fenix",
        "rev": "9a7ebe366d3a756ce06b3eb0e170c85ce1d91570",
        "type": "github"
      },
      "original": {
        "owner": "nix-community",
        "repo": "fenix",
        "type": "github"
      }
    },
    "nixpkgs": {
      "locked": {
        "lastModified": 1664177230,
        "narHash": "sha256-eyo88ffm16I0K9cdcePbOsQg4MDjf1EgIdkGTLB/7iA=",
        "owner": "NixOS",
        "repo": "nixpkgs",
        "rev": "ff9793cfd1a25145a7e591af604675b3d6f68987",
        "type": "github"
      },
      "original": {
        "id": "nixpkgs",
        "type": "indirect"
      }
    },
    "root": {
      "inputs": {
        "fenix": "fenix",
        "nixpkgs": "nixpkgs",
        "utils": "utils"
      }
    },
    "rust-analyzer-src": {
      "flake": false,
      "locked": {
        "lastModified": 1664049888,
        "narHash": "sha256-aCHudrXd8DKocehX6aWzlbZv4bq2l7MFXhM/wc2NdmI=",
        "owner": "rust-lang",
        "repo": "rust-analyzer",
        "rev": "73ab709b38b171d561c119f5c6f94af1bf2e4f3b",
        "type": "github"
      },
      "original": {
        "owner": "rust-lang",
        "ref": "nightly",
        "repo": "rust-analyzer",
        "type": "github"
      }
    },
    "utils": {
      "locked": {
        "lastModified": 1659877975,
        "narHash": "sha256-zllb8aq3YO3h8B/U0/J1WBgAL8EX5yWf5pMj3G0NAmc=",
        "owner": "numtide",
        "repo": "flake-utils",
        "rev": "c0e246b9b83f637f4681389ecabcb2681b4f3af0",
        "type": "github"
      },
      "original": {
        "owner": "numtide",
        "repo": "flake-utils",
        "type": "github"
      }
    }
  },
  "root": "root",
  "version": 7
}
