{
  "nodes": {
    "fenix": {
      "inputs": {
        "nixpkgs": "nixpkgs",
        "rust-analyzer-src": "rust-analyzer-src"
      },
      "locked": {
        "lastModified": 1673936585,
        "narHash": "sha256-5fDrM+jPUvXIFnw/72zk/05wfNTXItiG1WhF+1dok1w=",
        "owner": "nix-community",
        "repo": "fenix",
        "rev": "a9a262cbec1f1c3f771071fd1a246ee05811f5a1",
        "type": "github"
      },
      "original": {
        "id": "fenix",
        "type": "indirect"
      }
    },
    "nixpkgs": {
      "locked": {
        "lastModified": 1673796341,
        "narHash": "sha256-1kZi9OkukpNmOaPY7S5/+SlCDOuYnP3HkXHvNDyLQcc=",
        "owner": "nixos",
        "repo": "nixpkgs",
        "rev": "6dccdc458512abce8d19f74195bb20fdb067df50",
        "type": "github"
      },
      "original": {
        "owner": "nixos",
        "ref": "nixos-unstable",
        "repo": "nixpkgs",
        "type": "github"
      }
    },
    "nixpkgs_2": {
      "locked": {
        "lastModified": 1673606088,
        "narHash": "sha256-wdYD41UwNwPhTdMaG0AIe7fE1bAdyHe6bB4HLUqUvck=",
        "owner": "NixOS",
        "repo": "nixpkgs",
        "rev": "37b97ae3dd714de9a17923d004a2c5b5543dfa6d",
        "type": "github"
      },
      "original": {
        "id": "nixpkgs",
        "type": "indirect"
      }
    },
    "root": {
      "inputs": {
        "fenix": "fenix",
        "nixpkgs": "nixpkgs_2",
        "utils": "utils"
      }
    },
    "rust-analyzer-src": {
      "flake": false,
      "locked": {
        "lastModified": 1673896279,
        "narHash": "sha256-asIn7cl96r8gHsUsMvfwdUXVGfEOh1BuVMw9ueu7vd0=",
        "owner": "rust-lang",
        "repo": "rust-analyzer",
        "rev": "455ef0c806b96420f9fcda053cc0b1d707800b0c",
        "type": "github"
      },
      "original": {
        "owner": "rust-lang",
        "ref": "nightly",
        "repo": "rust-analyzer",
        "type": "github"
      }
    },
    "utils": {
      "locked": {
        "lastModified": 1667395993,
        "narHash": "sha256-nuEHfE/LcWyuSWnS8t12N1wc105Qtau+/OdUAjtQ0rA=",
        "owner": "numtide",
        "repo": "flake-utils",
        "rev": "5aed5285a952e0b949eb3ba02c12fa4fcfef535f",
        "type": "github"
      },
      "original": {
        "owner": "numtide",
        "repo": "flake-utils",
        "type": "github"
      }
    }
  },
  "root": "root",
  "version": 7
}
